
Microsoft Visual Studio Solution File, Format Version 12.00
# Visual Studio Version 16
VisualStudioVersion = 16.0.32630.194
MinimumVisualStudioVersion = 10.0.40219.1
Project("{FAE04EC0-301F-11D3-BF4B-00C04F79EFBC}") = "WebApi", "WebApi\WebApi.csproj", "{B0913F2F-F7E3-4216-BA2A-7A585EBB9C47}"
EndProject
Global
	GlobalSection(SolutionConfigurationPlatforms) = preSolution
		Debug|Any CPU = Debug|Any CPU
		Release|Any CPU = Release|Any CPU
	EndGlobalSection
	GlobalSection(ProjectConfigurationPlatforms) = postSolution
		{B0913F2F-F7E3-4216-BA2A-7A585EBB9C47}.Debug|Any CPU.ActiveCfg = Debug|Any CPU
		{B0913F2F-F7E3-4216-BA2A-7A585EBB9C47}.Debug|Any CPU.Build.0 = Debug|Any CPU
		{B0913F2F-F7E3-4216-BA2A-7A585EBB9C47}.Release|Any CPU.ActiveCfg = Release|Any CPU
		{B0913F2F-F7E3-4216-BA2A-7A585EBB9C47}.Release|Any CPU.Build.0 = Release|Any CPU
	EndGlobalSection
	GlobalSection(SolutionProperties) = preSolution
		HideSolutionNode = FALSE
	EndGlobalSection
	GlobalSection(ExtensibilityGlobals) = postSolution
		SolutionGuid = {63C9F34C-AC18-4A8D-8FD3-0741F49F81A8}
	EndGlobalSection
EndGlobal
